
Microsoft Visual Studio Solution File, Format Version 12.00
# Visual Studio 2012
Project("{FAE04EC0-301F-11D3-BF4B-00C04F79EFBC}") = "JuValka.LASlib.Net", "JuValka.LASlib.Net.csproj", "{8378F740-2FF1-4F48-822F-5CD3A02FADCE}"
EndProject
Global
	GlobalSection(SolutionConfigurationPlatforms) = preSolution
		Debug|Any CPU = Debug|Any CPU
		Release|Any CPU = Release|Any CPU
	EndGlobalSection
	GlobalSection(ProjectConfigurationPlatforms) = postSolution
		{8378F740-2FF1-4F48-822F-5CD3A02FADCE}.Debug|Any CPU.ActiveCfg = Debug|Any CPU
		{8378F740-2FF1-4F48-822F-5CD3A02FADCE}.Debug|Any CPU.Build.0 = Debug|Any CPU
		{8378F740-2FF1-4F48-822F-5CD3A02FADCE}.Release|Any CPU.ActiveCfg = Release|Any CPU
		{8378F740-2FF1-4F48-822F-5CD3A02FADCE}.Release|Any CPU.Build.0 = Release|Any CPU
	EndGlobalSection
	GlobalSection(SolutionProperties) = preSolution
		HideSolutionNode = FALSE
	EndGlobalSection
EndGlobal
